
Microsoft Visual Studio Solution File, Format Version 11.00
# Visual Studio 2010
Project("{FAE04EC0-301F-11D3-BF4B-00C04F79EFBC}") = "Fat Ninja", "Assembly-CSharp-firstpass.csproj", "{84D3415D-8897-4383-998E-DB6945513846}"
EndProject
Project("{FAE04EC0-301F-11D3-BF4B-00C04F79EFBC}") = "Fat Ninja", "Assembly-CSharp.csproj", "{4FA82641-7579-4FF2-4D41-261AB1C33A22}"
EndProject
Project("{FAE04EC0-301F-11D3-BF4B-00C04F79EFBC}") = "Fat Ninja", "Assembly-CSharp-Editor-firstpass.csproj", "{BF88F08F-B600-377B-6439-032F8B687491}"
EndProject
Global
	GlobalSection(SolutionConfigurationPlatforms) = preSolution
		Debug|Any CPU = Debug|Any CPU
		Release|Any CPU = Release|Any CPU
	EndGlobalSection
	GlobalSection(ProjectConfigurationPlatforms) = postSolution
		{84D3415D-8897-4383-998E-DB6945513846}.Debug|Any CPU.ActiveCfg = Debug|Any CPU
		{84D3415D-8897-4383-998E-DB6945513846}.Debug|Any CPU.Build.0 = Debug|Any CPU
		{84D3415D-8897-4383-998E-DB6945513846}.Release|Any CPU.ActiveCfg = Release|Any CPU
		{84D3415D-8897-4383-998E-DB6945513846}.Release|Any CPU.Build.0 = Release|Any CPU
		{4FA82641-7579-4FF2-4D41-261AB1C33A22}.Debug|Any CPU.ActiveCfg = Debug|Any CPU
		{4FA82641-7579-4FF2-4D41-261AB1C33A22}.Debug|Any CPU.Build.0 = Debug|Any CPU
		{4FA82641-7579-4FF2-4D41-261AB1C33A22}.Release|Any CPU.ActiveCfg = Release|Any CPU
		{4FA82641-7579-4FF2-4D41-261AB1C33A22}.Release|Any CPU.Build.0 = Release|Any CPU
		{BF88F08F-B600-377B-6439-032F8B687491}.Debug|Any CPU.ActiveCfg = Debug|Any CPU
		{BF88F08F-B600-377B-6439-032F8B687491}.Debug|Any CPU.Build.0 = Debug|Any CPU
		{BF88F08F-B600-377B-6439-032F8B687491}.Release|Any CPU.ActiveCfg = Release|Any CPU
		{BF88F08F-B600-377B-6439-032F8B687491}.Release|Any CPU.Build.0 = Release|Any CPU
	EndGlobalSection
	GlobalSection(SolutionProperties) = preSolution
		HideSolutionNode = FALSE
	EndGlobalSection
	GlobalSection(MonoDevelopProperties) = preSolution
		StartupItem = Assembly-CSharp.csproj
	EndGlobalSection
EndGlobal
